
Microsoft Visual Studio Solution File, Format Version 12.00
# Visual Studio Version 17
VisualStudioVersion = 17.4.33103.184
MinimumVisualStudioVersion = 10.0.40219.1
Project("{FAE04EC0-301F-11D3-BF4B-00C04F79EFBC}") = "Homeless", "Homeless\Homeless.csproj", "{DDEEE0C7-CB39-4749-AB52-0C7988ADF334}"
EndProject
Global
	GlobalSection(SolutionConfigurationPlatforms) = preSolution
		Debug|Any CPU = Debug|Any CPU
		Release|Any CPU = Release|Any CPU
	EndGlobalSection
	GlobalSection(ProjectConfigurationPlatforms) = postSolution
		{DDEEE0C7-CB39-4749-AB52-0C7988ADF334}.Debug|Any CPU.ActiveCfg = Debug|Any CPU
		{DDEEE0C7-CB39-4749-AB52-0C7988ADF334}.Debug|Any CPU.Build.0 = Debug|Any CPU
		{DDEEE0C7-CB39-4749-AB52-0C7988ADF334}.Release|Any CPU.ActiveCfg = Release|Any CPU
		{DDEEE0C7-CB39-4749-AB52-0C7988ADF334}.Release|Any CPU.Build.0 = Release|Any CPU
	EndGlobalSection
	GlobalSection(SolutionProperties) = preSolution
		HideSolutionNode = FALSE
	EndGlobalSection
	GlobalSection(ExtensibilityGlobals) = postSolution
		SolutionGuid = {42B276C6-6E53-4B35-910A-58DA98A9AAD1}
	EndGlobalSection
EndGlobal
